
Microsoft Visual Studio Solution File, Format Version 12.00
# Visual Studio Version 16
VisualStudioVersion = 16.0.31129.286
MinimumVisualStudioVersion = 10.0.40219.1
Project("{9A19103F-16F7-4668-BE54-9A1E7A4F7556}") = "Ugpa.GraphQL.Linq", "src\Ugpa.GraphQL.Linq\Ugpa.GraphQL.Linq.csproj", "{28B4F419-3C2A-466D-9C7E-235C4333B7A8}"
EndProject
Project("{9A19103F-16F7-4668-BE54-9A1E7A4F7556}") = "Ugpa.GraphQL.Linq.Tests", "tests\Ugpa.GraphQL.Linq.Tests\Ugpa.GraphQL.Linq.Tests.csproj", "{8C849AE0-6B32-4062-BC83-08B9B3283074}"
EndProject
Global
	GlobalSection(SolutionConfigurationPlatforms) = preSolution
		Debug|Any CPU = Debug|Any CPU
		Release|Any CPU = Release|Any CPU
	EndGlobalSection
	GlobalSection(ProjectConfigurationPlatforms) = postSolution
		{28B4F419-3C2A-466D-9C7E-235C4333B7A8}.Debug|Any CPU.ActiveCfg = Debug|Any CPU
		{28B4F419-3C2A-466D-9C7E-235C4333B7A8}.Debug|Any CPU.Build.0 = Debug|Any CPU
		{28B4F419-3C2A-466D-9C7E-235C4333B7A8}.Release|Any CPU.ActiveCfg = Release|Any CPU
		{28B4F419-3C2A-466D-9C7E-235C4333B7A8}.Release|Any CPU.Build.0 = Release|Any CPU
		{8C849AE0-6B32-4062-BC83-08B9B3283074}.Debug|Any CPU.ActiveCfg = Debug|Any CPU
		{8C849AE0-6B32-4062-BC83-08B9B3283074}.Debug|Any CPU.Build.0 = Debug|Any CPU
		{8C849AE0-6B32-4062-BC83-08B9B3283074}.Release|Any CPU.ActiveCfg = Release|Any CPU
		{8C849AE0-6B32-4062-BC83-08B9B3283074}.Release|Any CPU.Build.0 = Release|Any CPU
	EndGlobalSection
	GlobalSection(SolutionProperties) = preSolution
		HideSolutionNode = FALSE
	EndGlobalSection
	GlobalSection(ExtensibilityGlobals) = postSolution
		SolutionGuid = {CB90C17F-E561-4BEF-AEF9-5D6B619961E0}
	EndGlobalSection
EndGlobal
